# Generated by buf. DO NOT EDIT.
version: v1
deps:
  - remote: buf.build
    owner: rleonb
    repository: audit
    commit: e714ca6276764c289454a781001d8fd7
    digest: shake256:8b664cacd6e97bf605d887531c904d56da3861195e522ca3dca3ae2cfb7970304bcb9d3b2fce43a1eb432bee21b60be5e58a0f15917abda11c6c1c94b921aa53
